
Microsoft Visual Studio Solution File, Format Version 12.00
# Visual Studio Version 17
VisualStudioVersion = 17.4.33122.133
MinimumVisualStudioVersion = 10.0.40219.1
Project("{FAE04EC0-301F-11D3-BF4B-00C04F79EFBC}") = "Desafio CSharp Sequência Secreta", "Desafio CSharp Sequência Secreta\Desafio CSharp Sequência Secreta.csproj", "{DF8413F5-F0E2-4BE1-9861-8114746565C0}"
EndProject
Global
	GlobalSection(SolutionConfigurationPlatforms) = preSolution
		Debug|Any CPU = Debug|Any CPU
		Release|Any CPU = Release|Any CPU
	EndGlobalSection
	GlobalSection(ProjectConfigurationPlatforms) = postSolution
		{DF8413F5-F0E2-4BE1-9861-8114746565C0}.Debug|Any CPU.ActiveCfg = Debug|Any CPU
		{DF8413F5-F0E2-4BE1-9861-8114746565C0}.Debug|Any CPU.Build.0 = Debug|Any CPU
		{DF8413F5-F0E2-4BE1-9861-8114746565C0}.Release|Any CPU.ActiveCfg = Release|Any CPU
		{DF8413F5-F0E2-4BE1-9861-8114746565C0}.Release|Any CPU.Build.0 = Release|Any CPU
	EndGlobalSection
	GlobalSection(SolutionProperties) = preSolution
		HideSolutionNode = FALSE
	EndGlobalSection
	GlobalSection(ExtensibilityGlobals) = postSolution
		SolutionGuid = {2115E023-ED51-4C67-ADB0-D611E0A9E5E6}
	EndGlobalSection
EndGlobal
